// !$*UTF8*$!
{
	archiveVersion = 1;
	classes = {
	};
	objectVersion = 50;
	objects = {

/* Begin PBXBuildFile section */
		08250B9E22883CB300B6B7B4 /* AppDelegate.swift in Sources */ = {isa = PBXBuildFile; fileRef = 08250B9D22883CB300B6B7B4 /* AppDelegate.swift */; };
		08250BA022883CB300B6B7B4 /* ViewController.swift in Sources */ = {isa = PBXBuildFile; fileRef = 08250B9F22883CB300B6B7B4 /* ViewController.swift */; };
		08250BA322883CB300B6B7B4 /* Main.storyboard in Resources */ = {isa = PBXBuildFile; fileRef = 08250BA122883CB300B6B7B4 /* Main.storyboard */; };
		08250BA522883CBC00B6B7B4 /* Assets.xcassets in Resources */ = {isa = PBXBuildFile; fileRef = 08250BA422883CBC00B6B7B4 /* Assets.xcassets */; };
		08250BA822883CBC00B6B7B4 /* LaunchScreen.storyboard in Resources */ = {isa = PBXBuildFile; fileRef = 08250BA622883CBC00B6B7B4 /* LaunchScreen.storyboard */; };
		08250BB022883CDC00B6B7B4 /* RequestManager.swift in Sources */ = {isa = PBXBuildFile; fileRef = 08250BAF22883CDC00B6B7B4 /* RequestManager.swift */; };
		08250BB222884C5C00B6B7B4 /* Constant.swift in Sources */ = {isa = PBXBuildFile; fileRef = 08250BB122884C5C00B6B7B4 /* Constant.swift */; };
		08250BB422884C9700B6B7B4 /* MusicItem.swift in Sources */ = {isa = PBXBuildFile; fileRef = 08250BB322884C9700B6B7B4 /* MusicItem.swift */; };
		08250BD42291436C00B6B7B4 /* MusicCell.swift in Sources */ = {isa = PBXBuildFile; fileRef = 08250BD32291436C00B6B7B4 /* MusicCell.swift */; };
		08250BD62291532600B6B7B4 /* MusicViewModel.swift in Sources */ = {isa = PBXBuildFile; fileRef = 08250BD52291532600B6B7B4 /* MusicViewModel.swift */; };
		9ABEA0072296B7F6009460C2 /* MusicPlayer.swift in Sources */ = {isa = PBXBuildFile; fileRef = 9ABEA0062296B7F6009460C2 /* MusicPlayer.swift */; };
/* End PBXBuildFile section */

/* Begin PBXFileReference section */
		08250B9A22883CB300B6B7B4 /* Requeststest.app */ = {isa = PBXFileReference; explicitFileType = wrapper.application; includeInIndex = 0; path = Requeststest.app; sourceTree = BUILT_PRODUCTS_DIR; };
		08250B9D22883CB300B6B7B4 /* AppDelegate.swift */ = {isa = PBXFileReference; lastKnownFileType = sourcecode.swift; path = AppDelegate.swift; sourceTree = "<group>"; };
		08250B9F22883CB300B6B7B4 /* ViewController.swift */ = {isa = PBXFileReference; lastKnownFileType = sourcecode.swift; path = ViewController.swift; sourceTree = "<group>"; };
		08250BA222883CB300B6B7B4 /* Base */ = {isa = PBXFileReference; lastKnownFileType = file.storyboard; name = Base; path = Base.lproj/Main.storyboard; sourceTree = "<group>"; };
		08250BA422883CBC00B6B7B4 /* Assets.xcassets */ = {isa = PBXFileReference; lastKnownFileType = folder.assetcatalog; path = Assets.xcassets; sourceTree = "<group>"; };
		08250BA722883CBC00B6B7B4 /* Base */ = {isa = PBXFileReference; lastKnownFileType = file.storyboard; name = Base; path = Base.lproj/LaunchScreen.storyboard; sourceTree = "<group>"; };
		08250BA922883CBC00B6B7B4 /* Info.plist */ = {isa = PBXFileReference; lastKnownFileType = text.plist.xml; path = Info.plist; sourceTree = "<group>"; };
		08250BAF22883CDC00B6B7B4 /* RequestManager.swift */ = {isa = PBXFileReference; lastKnownFileType = sourcecode.swift; path = RequestManager.swift; sourceTree = "<group>"; };
		08250BB122884C5C00B6B7B4 /* Constant.swift */ = {isa = PBXFileReference; lastKnownFileType = sourcecode.swift; path = Constant.swift; sourceTree = "<group>"; };
		08250BB322884C9700B6B7B4 /* MusicItem.swift */ = {isa = PBXFileReference; lastKnownFileType = sourcecode.swift; path = MusicItem.swift; sourceTree = "<group>"; };
		08250BD32291436C00B6B7B4 /* MusicCell.swift */ = {isa = PBXFileReference; lastKnownFileType = sourcecode.swift; path = MusicCell.swift; sourceTree = "<group>"; };
		08250BD52291532600B6B7B4 /* MusicViewModel.swift */ = {isa = PBXFileReference; lastKnownFileType = sourcecode.swift; path = MusicViewModel.swift; sourceTree = "<group>"; };
		9ABEA0062296B7F6009460C2 /* MusicPlayer.swift */ = {isa = PBXFileReference; lastKnownFileType = sourcecode.swift; path = MusicPlayer.swift; sourceTree = "<group>"; };
/* End PBXFileReference section */

/* Begin PBXFrameworksBuildPhase section */
		08250B9722883CB300B6B7B4 /* Frameworks */ = {
			isa = PBXFrameworksBuildPhase;
			buildActionMask = 2147483647;
			files = (
			);
			runOnlyForDeploymentPostprocessing = 0;
		};
/* End PBXFrameworksBuildPhase section */

/* Begin PBXGroup section */
		08250B9122883CB300B6B7B4 = {
			isa = PBXGroup;
			children = (
				08250B9C22883CB300B6B7B4 /* Requeststest */,
				08250B9B22883CB300B6B7B4 /* Products */,
			);
			sourceTree = "<group>";
		};
		08250B9B22883CB300B6B7B4 /* Products */ = {
			isa = PBXGroup;
			children = (
				08250B9A22883CB300B6B7B4 /* Requeststest.app */,
			);
			name = Products;
			sourceTree = "<group>";
		};
		08250B9C22883CB300B6B7B4 /* Requeststest */ = {
			isa = PBXGroup;
			children = (
				08250B9D22883CB300B6B7B4 /* AppDelegate.swift */,
				08250B9F22883CB300B6B7B4 /* ViewController.swift */,
				08250BAF22883CDC00B6B7B4 /* RequestManager.swift */,
				08250BA122883CB300B6B7B4 /* Main.storyboard */,
				08250BA422883CBC00B6B7B4 /* Assets.xcassets */,
				08250BA622883CBC00B6B7B4 /* LaunchScreen.storyboard */,
				08250BA922883CBC00B6B7B4 /* Info.plist */,
				08250BB122884C5C00B6B7B4 /* Constant.swift */,
				08250BB322884C9700B6B7B4 /* MusicItem.swift */,
				08250BD32291436C00B6B7B4 /* MusicCell.swift */,
				08250BD52291532600B6B7B4 /* MusicViewModel.swift */,
				9ABEA0062296B7F6009460C2 /* MusicPlayer.swift */,
			);
			path = Requeststest;
			sourceTree = "<group>";
		};
/* End PBXGroup section */

/* Begin PBXNativeTarget section */
		08250B9922883CB300B6B7B4 /* Requeststest */ = {
			isa = PBXNativeTarget;
			buildConfigurationList = 08250BAC22883CBC00B6B7B4 /* Build configuration list for PBXNativeTarget "Requeststest" */;
			buildPhases = (
				08250B9622883CB300B6B7B4 /* Sources */,
				08250B9722883CB300B6B7B4 /* Frameworks */,
				08250B9822883CB300B6B7B4 /* Resources */,
			);
			buildRules = (
			);
			dependencies = (
			);
			name = Requeststest;
			productName = Requeststest;
			productReference = 08250B9A22883CB300B6B7B4 /* Requeststest.app */;
			productType = "com.apple.product-type.application";
		};
/* End PBXNativeTarget section */

/* Begin PBXProject section */
		08250B9222883CB300B6B7B4 /* Project object */ = {
			isa = PBXProject;
			attributes = {
				LastSwiftUpdateCheck = 1020;
				LastUpgradeCheck = 1020;
				ORGANIZATIONNAME = "Armen Shahvaladyan";
				TargetAttributes = {
					08250B9922883CB300B6B7B4 = {
						CreatedOnToolsVersion = 10.2.1;
						SystemCapabilities = {
							com.apple.BackgroundModes = {
								enabled = 1;
							};
						};
					};
				};
			};
			buildConfigurationList = 08250B9522883CB300B6B7B4 /* Build configuration list for PBXProject "Requeststest" */;
			compatibilityVersion = "Xcode 9.3";
			developmentRegion = en;
			hasScannedForEncodings = 0;
			knownRegions = (
				en,
				Base,
			);
			mainGroup = 08250B9122883CB300B6B7B4;
			productRefGroup = 08250B9B22883CB300B6B7B4 /* Products */;
			projectDirPath = "";
			projectRoot = "";
			targets = (
				08250B9922883CB300B6B7B4 /* Requeststest */,
			);
		};
/* End PBXProject section */

/* Begin PBXResourcesBuildPhase section */
		08250B9822883CB300B6B7B4 /* Resources */ = {
			isa = PBXResourcesBuildPhase;
			buildActionMask = 2147483647;
			files = (
				08250BA822883CBC00B6B7B4 /* LaunchScreen.storyboard in Resources */,
				08250BA522883CBC00B6B7B4 /* Assets.xcassets in Resources */,
				08250BA322883CB300B6B7B4 /* Main.storyboard in Resources */,
			);
			runOnlyForDeploymentPostprocessing = 0;
		};
/* End PBXResourcesBuildPhase section */

/* Begin PBXSourcesBuildPhase section */
		08250B9622883CB300B6B7B4 /* Sources */ = {
			isa = PBXSourcesBuildPhase;
			buildActionMask = 2147483647;
			files = (
				08250BB422884C9700B6B7B4 /* MusicItem.swift in Sources */,
				08250BB022883CDC00B6B7B4 /* RequestManager.swift in Sources */,
				9ABEA0072296B7F6009460C2 /* MusicPlayer.swift in Sources */,
				08250BD62291532600B6B7B4 /* MusicViewModel.swift in Sources */,
				08250BA022883CB300B6B7B4 /* ViewController.swift in Sources */,
				08250B9E22883CB300B6B7B4 /* AppDelegate.swift in Sources */,
				08250BB222884C5C00B6B7B4 /* Constant.swift in Sources */,
				08250BD42291436C00B6B7B4 /* MusicCell.swift in Sources */,
			);
			runOnlyForDeploymentPostprocessing = 0;
		};
/* End PBXSourcesBuildPhase section */

/* Begin PBXVariantGroup section */
		08250BA122883CB300B6B7B4 /* Main.storyboard */ = {
			isa = PBXVariantGroup;
			children = (
				08250BA222883CB300B6B7B4 /* Base */,
			);
			name = Main.storyboard;
			sourceTree = "<group>";
		};
		08250BA622883CBC00B6B7B4 /* LaunchScreen.storyboard */ = {
			isa = PBXVariantGroup;
			children = (
				08250BA722883CBC00B6B7B4 /* Base */,
			);
			name = LaunchScreen.storyboard;
			sourceTree = "<group>";
		};
/* End PBXVariantGroup section */

/* Begin XCBuildConfiguration section */
		08250BAA22883CBC00B6B7B4 /* Debug */ = {
			isa = XCBuildConfiguration;
			buildSettings = {
				ALWAYS_SEARCH_USER_PATHS = NO;
				CLANG_ANALYZER_NONNULL = YES;
				CLANG_ANALYZER_NUMBER_OBJECT_CONVERSION = YES_AGGRESSIVE;
				CLANG_CXX_LANGUAGE_STANDARD = "gnu++14";
				CLANG_CXX_LIBRARY = "libc++";
				CLANG_ENABLE_MODULES = YES;
				CLANG_ENABLE_OBJC_ARC = YES;
				CLANG_ENABLE_OBJC_WEAK = YES;
				CLANG_WARN_BLOCK_CAPTURE_AUTORELEASING = YES;
				CLANG_WARN_BOOL_CONVERSION = YES;
				CLANG_WARN_COMMA = YES;
				CLANG_WARN_CONSTANT_CONVERSION = YES;
				CLANG_WARN_DEPRECATED_OBJC_IMPLEMENTATIONS = YES;
				CLANG_WARN_DIRECT_OBJC_ISA_USAGE = YES_ERROR;
				CLANG_WARN_DOCUMENTATION_COMMENTS = YES;
				CLANG_WARN_EMPTY_BODY = YES;
				CLANG_WARN_ENUM_CONVERSION = YES;
				CLANG_WARN_INFINITE_RECURSION = YES;
				CLANG_WARN_INT_CONVERSION = YES;
				CLANG_WARN_NON_LITERAL_NULL_CONVERSION = YES;
				CLANG_WARN_OBJC_IMPLICIT_RETAIN_SELF = YES;
				CLANG_WARN_OBJC_LITERAL_CONVERSION = YES;
				CLANG_WARN_OBJC_ROOT_CLASS = YES_ERROR;
				CLANG_WARN_RANGE_LOOP_ANALYSIS = YES;
				CLANG_WARN_STRICT_PROTOTYPES = YES;
				CLANG_WARN_SUSPICIOUS_MOVE = YES;
				CLANG_WARN_UNGUARDED_AVAILABILITY = YES_AGGRESSIVE;
				CLANG_WARN_UNREACHABLE_CODE = YES;
				CLANG_WARN__DUPLICATE_METHOD_MATCH = YES;
				CODE_SIGN_IDENTITY = "iPhone Developer";
				COPY_PHASE_STRIP = NO;
				DEBUG_INFORMATION_FORMAT = dwarf;
				ENABLE_STRICT_OBJC_MSGSEND = YES;
				ENABLE_TESTABILITY = YES;
				GCC_C_LANGUAGE_STANDARD = gnu11;
				GCC_DYNAMIC_NO_PIC = NO;
				GCC_NO_COMMON_BLOCKS = YES;
				GCC_OPTIMIZATION_LEVEL = 0;
				GCC_PREPROCESSOR_DEFINITIONS = (
					"DEBUG=1",
					"$(inherited)",
				);
				GCC_WARN_64_TO_32_BIT_CONVERSION = YES;
				GCC_WARN_ABOUT_RETURN_TYPE = YES_ERROR;
				GCC_WARN_UNDECLARED_SELECTOR = YES;
				GCC_WARN_UNINITIALIZED_AUTOS = YES_AGGRESSIVE;
				GCC_WARN_UNUSED_FUNCTION = YES;
				GCC_WARN_UNUSED_VARIABLE = YES;
				IPHONEOS_DEPLOYMENT_TARGET = 10.3;
				MTL_ENABLE_DEBUG_INFO = INCLUDE_SOURCE;
				MTL_FAST_MATH = YES;
				ONLY_ACTIVE_ARCH = YES;
				SDKROOT = iphoneos;
				SWIFT_ACTIVE_COMPILATION_CONDITIONS = DEBUG;
				SWIFT_OPTIMIZATION_LEVEL = "-Onone";
			};
			name = Debug;
		};
		08250BAB22883CBC00B6B7B4 /* Release */ = {
			isa = XCBuildConfiguration;
			buildSettings = {
				ALWAYS_SEARCH_USER_PATHS = NO;
				CLANG_ANALYZER_NONNULL = YES;
				CLANG_ANALYZER_NUMBER_OBJECT_CONVERSION = YES_AGGRESSIVE;
				CLANG_CXX_LANGUAGE_STANDARD = "gnu++14";
				CLANG_CXX_LIBRARY = "libc++";
				CLANG_ENABLE_MODULES = YES;
				CLANG_ENABLE_OBJC_ARC = YES;
				CLANG_ENABLE_OBJC_WEAK = YES;
				CLANG_WARN_BLOCK_CAPTURE_AUTORELEASING = YES;
				CLANG_WARN_BOOL_CONVERSION = YES;
				CLANG_WARN_COMMA = YES;
				CLANG_WARN_CONSTANT_CONVERSION = YES;
				CLANG_WARN_DEPRECATED_OBJC_IMPLEMENTATIONS = YES;
				CLANG_WARN_DIRECT_OBJC_ISA_USAGE = YES_ERROR;
				CLANG_WARN_DOCUMENTATION_COMMENTS = YES;
				CLANG_WARN_EMPTY_BODY = YES;
				CLANG_WARN_ENUM_CONVERSION = YES;
				CLANG_WARN_INFINITE_RECURSION = YES;
				CLANG_WARN_INT_CONVERSION = YES;
				CLANG_WARN_NON_LITERAL_NULL_CONVERSION = YES;
				CLANG_WARN_OBJC_IMPLICIT_RETAIN_SELF = YES;
				CLANG_WARN_OBJC_LITERAL_CONVERSION = YES;
				CLANG_WARN_OBJC_ROOT_CLASS = YES_ERROR;
				CLANG_WARN_RANGE_LOOP_ANALYSIS = YES;
				CLANG_WARN_STRICT_PROTOTYPES = YES;
				CLANG_WARN_SUSPICIOUS_MOVE = YES;
				CLANG_WARN_UNGUARDED_AVAILABILITY = YES_AGGRESSIVE;
				CLANG_WARN_UNREACHABLE_CODE = YES;
				CLANG_WARN__DUPLICATE_METHOD_MATCH = YES;
				CODE_SIGN_IDENTITY = "iPhone Developer";
				COPY_PHASE_STRIP = NO;
				DEBUG_INFORMATION_FORMAT = "dwarf-with-dsym";
				ENABLE_NS_ASSERTIONS = NO;
				ENABLE_STRICT_OBJC_MSGSEND = YES;
				GCC_C_LANGUAGE_STANDARD = gnu11;
				GCC_NO_COMMON_BLOCKS = YES;
				GCC_WARN_64_TO_32_BIT_CONVERSION = YES;
				GCC_WARN_ABOUT_RETURN_TYPE = YES_ERROR;
				GCC_WARN_UNDECLARED_SELECTOR = YES;
				GCC_WARN_UNINITIALIZED_AUTOS = YES_AGGRESSIVE;
				GCC_WARN_UNUSED_FUNCTION = YES;
				GCC_WARN_UNUSED_VARIABLE = YES;
				IPHONEOS_DEPLOYMENT_TARGET = 10.3;
				MTL_ENABLE_DEBUG_INFO = NO;
				MTL_FAST_MATH = YES;
				SDKROOT = iphoneos;
				SWIFT_COMPILATION_MODE = wholemodule;
				SWIFT_OPTIMIZATION_LEVEL = "-O";
				VALIDATE_PRODUCT = YES;
			};
			name = Release;
		};
		08250BAD22883CBC00B6B7B4 /* Debug */ = {
			isa = XCBuildConfiguration;
			buildSettings = {
				ASSETCATALOG_COMPILER_APPICON_NAME = AppIcon;
				CODE_SIGN_STYLE = Automatic;
				DEVELOPMENT_TEAM = L4235952W6;
				INFOPLIST_FILE = Requeststest/Info.plist;
				LD_RUNPATH_SEARCH_PATHS = (
					"$(inherited)",
					"@executable_path/Frameworks",
				);
				PRODUCT_BUNDLE_IDENTIFIER = com.Requeststest;
				PRODUCT_NAME = "$(TARGET_NAME)";
				SWIFT_VERSION = 5.0;
				TARGETED_DEVICE_FAMILY = "1,2";
			};
			name = Debug;
		};
		08250BAE22883CBC00B6B7B4 /* Release */ = {
			isa = XCBuildConfiguration;
			buildSettings = {
				ASSETCATALOG_COMPILER_APPICON_NAME = AppIcon;
				CODE_SIGN_STYLE = Automatic;
				DEVELOPMENT_TEAM = L4235952W6;
				INFOPLIST_FILE = Requeststest/Info.plist;
				LD_RUNPATH_SEARCH_PATHS = (
					"$(inherited)",
					"@executable_path/Frameworks",
				);
				PRODUCT_BUNDLE_IDENTIFIER = com.Requeststest;
				PRODUCT_NAME = "$(TARGET_NAME)";
				SWIFT_VERSION = 5.0;
				TARGETED_DEVICE_FAMILY = "1,2";
			};
			name = Release;
		};
/* End XCBuildConfiguration section */

/* Begin XCConfigurationList section */
		08250B9522883CB300B6B7B4 /* Build configuration list for PBXProject "Requeststest" */ = {
			isa = XCConfigurationList;
			buildConfigurations = (
				08250BAA22883CBC00B6B7B4 /* Debug */,
				08250BAB22883CBC00B6B7B4 /* Release */,
			);
			defaultConfigurationIsVisible = 0;
			defaultConfigurationName = Release;
		};
		08250BAC22883CBC00B6B7B4 /* Build configuration list for PBXNativeTarget "Requeststest" */ = {
			isa = XCConfigurationList;
			buildConfigurations = (
				08250BAD22883CBC00B6B7B4 /* Debug */,
				08250BAE22883CBC00B6B7B4 /* Release */,
			);
			defaultConfigurationIsVisible = 0;
			defaultConfigurationName = Release;
		};
/* End XCConfigurationList section */
	};
	rootObject = 08250B9222883CB300B6B7B4 /* Project object */;
}
